
Microsoft Visual Studio Solution File, Format Version 12.00
# Visual Studio Version 17
VisualStudioVersion = 17.4.33213.308
MinimumVisualStudioVersion = 10.0.40219.1
Project("{9A19103F-16F7-4668-BE54-9A1E7A4F7556}") = "stringcompsressdecompresstest", "testing\stringcompsressdecompresstest.csproj", "{91E89CEC-22AF-4CDF-AE47-269B4C706C08}"
EndProject
Project("{9A19103F-16F7-4668-BE54-9A1E7A4F7556}") = "stringcompsressdecompressbench", "benchmarking\stringcompsressdecompressbench.csproj", "{58CE5395-F846-4383-B356-8AD43B64A480}"
EndProject
Project("{D954291E-2A0B-460D-934E-DC6B0785DB48}") = "common", "common\common.shproj", "{B0C76308-08EC-48AE-AFB3-69C27B7495FF}"
EndProject
Project("{D954291E-2A0B-460D-934E-DC6B0785DB48}") = "dbjcore", "dbjcore\dbjcore.shproj", "{036CB2CD-FB71-4EB6-B3BF-660DC1CFEA41}"
EndProject
Global
	GlobalSection(SolutionConfigurationPlatforms) = preSolution
		Debug|Any CPU = Debug|Any CPU
		Release|Any CPU = Release|Any CPU
	EndGlobalSection
	GlobalSection(ProjectConfigurationPlatforms) = postSolution
		{91E89CEC-22AF-4CDF-AE47-269B4C706C08}.Debug|Any CPU.ActiveCfg = Debug|Any CPU
		{91E89CEC-22AF-4CDF-AE47-269B4C706C08}.Debug|Any CPU.Build.0 = Debug|Any CPU
		{91E89CEC-22AF-4CDF-AE47-269B4C706C08}.Release|Any CPU.ActiveCfg = Release|Any CPU
		{91E89CEC-22AF-4CDF-AE47-269B4C706C08}.Release|Any CPU.Build.0 = Release|Any CPU
		{58CE5395-F846-4383-B356-8AD43B64A480}.Debug|Any CPU.ActiveCfg = Debug|Any CPU
		{58CE5395-F846-4383-B356-8AD43B64A480}.Debug|Any CPU.Build.0 = Debug|Any CPU
		{58CE5395-F846-4383-B356-8AD43B64A480}.Release|Any CPU.ActiveCfg = Release|Any CPU
		{58CE5395-F846-4383-B356-8AD43B64A480}.Release|Any CPU.Build.0 = Release|Any CPU
	EndGlobalSection
	GlobalSection(SolutionProperties) = preSolution
		HideSolutionNode = FALSE
	EndGlobalSection
	GlobalSection(ExtensibilityGlobals) = postSolution
		SolutionGuid = {8F5FBDD6-0AF1-4EC0-AF89-7F1D7C7CFC63}
	EndGlobalSection
	GlobalSection(SharedMSBuildProjectFiles) = preSolution
		dbjcore\dbjcore.projitems*{036cb2cd-fb71-4eb6-b3bf-660dc1cfea41}*SharedItemsImports = 13
		common\common.projitems*{58ce5395-f846-4383-b356-8ad43b64a480}*SharedItemsImports = 5
		dbjcore\dbjcore.projitems*{58ce5395-f846-4383-b356-8ad43b64a480}*SharedItemsImports = 5
		common\common.projitems*{91e89cec-22af-4cdf-ae47-269b4c706c08}*SharedItemsImports = 5
		dbjcore\dbjcore.projitems*{91e89cec-22af-4cdf-ae47-269b4c706c08}*SharedItemsImports = 5
		common\common.projitems*{b0c76308-08ec-48ae-afb3-69c27b7495ff}*SharedItemsImports = 13
	EndGlobalSection
EndGlobal
